dependencies:
- name: mysql
  repository: file://../mysql
  version: 0.1.0
- name: minio
  repository: file://../minio
  version: 0.1.0
- name: kafka
  repository: file://../kafka
  version: 0.1.0
- name: lakekeeper
  repository: file://../lakekeeper
  version: 0.1.0
- name: spark
  repository: file://../spark
  version: 0.1.0
- name: superset
  repository: file://../superset
  version: 0.1.0
digest: sha256:2f9172a55889b982e2c89814260980b86b5f5ae9152d0ee291af86cb1923ebba
generated: "2026-03-14T17:17:15.891702+07:00"
