dependencies:
- name: mysql
  repository: https://charts.bitnami.com/bitnami
  version: 12.3.5
- name: minio
  repository: https://charts.bitnami.com/bitnami
  version: 14.10.5
- name: kafka
  repository: https://charts.bitnami.com/bitnami
  version: 30.1.8
digest: sha256:ea2afda4b79cc19705be82d1a7a8629902e075d7ef318e3c5f48f4073481bc53
generated: "2026-03-15T16:01:19.31004+07:00"
